// !$*UTF8*$!
{
	archiveVersion = 1;
	classes = {
	};
	objectVersion = 50;
	objects = {

/* Begin PBXBuildFile section */
		0674B65A6717B47C62988A61 /* libPods-RSSTestReader.a in Frameworks */ = {isa = PBXBuildFile; fileRef = 7326B3890B99EBF5FE285192 /* libPods-RSSTestReader.a */; };
		1380F17F210C96BC00F9A572 /* RSSFeedEntity+CoreDataClass.m in Sources */ = {isa = PBXBuildFile; fileRef = 1380F17C210C96BC00F9A572 /* RSSFeedEntity+CoreDataClass.m */; };
		1380F180210C96BC00F9A572 /* RSSFeedEntity+CoreDataProperties.m in Sources */ = {isa = PBXBuildFile; fileRef = 1380F17E210C96BC00F9A572 /* RSSFeedEntity+CoreDataProperties.m */; };
		1380F183210CA60C00F9A572 /* RRTNetworkController.m in Sources */ = {isa = PBXBuildFile; fileRef = 1380F182210CA60C00F9A572 /* RRTNetworkController.m */; };
		1380F186210CA65B00F9A572 /* RRTNetworkRequestEntity.m in Sources */ = {isa = PBXBuildFile; fileRef = 1380F185210CA65B00F9A572 /* RRTNetworkRequestEntity.m */; };
		1380F189210CA6DA00F9A572 /* RRTNetworkResponseEntity.m in Sources */ = {isa = PBXBuildFile; fileRef = 1380F188210CA6DA00F9A572 /* RRTNetworkResponseEntity.m */; };
		1380F18C210CA98400F9A572 /* RRTNetworkErrorEntity.m in Sources */ = {isa = PBXBuildFile; fileRef = 1380F18B210CA98400F9A572 /* RRTNetworkErrorEntity.m */; };
		1380F18F210CB13800F9A572 /* RRTNetworkRSSRequestEntity.m in Sources */ = {isa = PBXBuildFile; fileRef = 1380F18E210CB13800F9A572 /* RRTNetworkRSSRequestEntity.m */; };
		1380F194210CBD2D00F9A572 /* XMLReader.m in Sources */ = {isa = PBXBuildFile; fileRef = 1380F193210CBD2D00F9A572 /* XMLReader.m */; };
		1380F197210F24EA00F9A572 /* RRTFaviconRequestEntity.m in Sources */ = {isa = PBXBuildFile; fileRef = 1380F196210F24EA00F9A572 /* RRTFaviconRequestEntity.m */; };
		1380F19B2110A9D500F9A572 /* RRTFeedArticleTableViewCell.m in Sources */ = {isa = PBXBuildFile; fileRef = 1380F1992110A9D500F9A572 /* RRTFeedArticleTableViewCell.m */; };
		1380F19C2110A9D500F9A572 /* RRTFeedArticleTableViewCell.xib in Resources */ = {isa = PBXBuildFile; fileRef = 1380F19A2110A9D500F9A572 /* RRTFeedArticleTableViewCell.xib */; };
		1380F19F2110AC4D00F9A572 /* RRTRSSArticleRequestEntity.m in Sources */ = {isa = PBXBuildFile; fileRef = 1380F19E2110AC4D00F9A572 /* RRTRSSArticleRequestEntity.m */; };
		1380F1A22110AEC100F9A572 /* RRTRSSAirticleEntity.m in Sources */ = {isa = PBXBuildFile; fileRef = 1380F1A12110AEC100F9A572 /* RRTRSSAirticleEntity.m */; };
		1380F1A52110D3B700F9A572 /* RRTRSSUtils.m in Sources */ = {isa = PBXBuildFile; fileRef = 1380F1A42110D3B700F9A572 /* RRTRSSUtils.m */; };
		1380F1A821134C6500F9A572 /* Acknowledgement.html in Resources */ = {isa = PBXBuildFile; fileRef = 1380F1A721134C6500F9A572 /* Acknowledgement.html */; };
		1380F1AB21134EC900F9A572 /* RRTSettingTableViewController.m in Sources */ = {isa = PBXBuildFile; fileRef = 1380F1AA21134EC900F9A572 /* RRTSettingTableViewController.m */; };
		1380F1AE21134EE300F9A572 /* RRTAcknowledgementViewController.m in Sources */ = {isa = PBXBuildFile; fileRef = 1380F1AD21134EE300F9A572 /* RRTAcknowledgementViewController.m */; };
		1380F1B02113606300F9A572 /* Preset.json in Resources */ = {isa = PBXBuildFile; fileRef = 1380F1AF2113606200F9A572 /* Preset.json */; };
		13D6FC08210B713C00B7FFD0 /* Main.storyboard in Resources */ = {isa = PBXBuildFile; fileRef = 13D6FC06210B713C00B7FFD0 /* Main.storyboard */; };
		13D6FC0B210B713C00B7FFD0 /* RSSTestReader.xcdatamodeld in Sources */ = {isa = PBXBuildFile; fileRef = 13D6FC09210B713C00B7FFD0 /* RSSTestReader.xcdatamodeld */; };
		13D6FC0D210B714000B7FFD0 /* Assets.xcassets in Resources */ = {isa = PBXBuildFile; fileRef = 13D6FC0C210B714000B7FFD0 /* Assets.xcassets */; };
		13D6FC10210B714000B7FFD0 /* LaunchScreen.storyboard in Resources */ = {isa = PBXBuildFile; fileRef = 13D6FC0E210B714000B7FFD0 /* LaunchScreen.storyboard */; };
		13D6FC13210B714000B7FFD0 /* main.m in Sources */ = {isa = PBXBuildFile; fileRef = 13D6FC12210B714000B7FFD0 /* main.m */; };
		13D6FC21210B74A200B7FFD0 /* RRTFeedListViewController.m in Sources */ = {isa = PBXBuildFile; fileRef = 13D6FC1E210B74A200B7FFD0 /* RRTFeedListViewController.m */; };
		13D6FC22210B74A200B7FFD0 /* RRTAppDelegate.m in Sources */ = {isa = PBXBuildFile; fileRef = 13D6FC1F210B74A200B7FFD0 /* RRTAppDelegate.m */; };
		13D6FC26210B74E800B7FFD0 /* Config.xcconfig in Resources */ = {isa = PBXBuildFile; fileRef = 13D6FC25210B74E800B7FFD0 /* Config.xcconfig */; };
		13D6FC2A210B754600B7FFD0 /* RRTRSSFeedCellTableViewCell.m in Sources */ = {isa = PBXBuildFile; fileRef = 13D6FC28210B754600B7FFD0 /* RRTRSSFeedCellTableViewCell.m */; };
		13D6FC2B210B754600B7FFD0 /* RRTRSSFeedCellTableViewCell.xib in Resources */ = {isa = PBXBuildFile; fileRef = 13D6FC29210B754600B7FFD0 /* RRTRSSFeedCellTableViewCell.xib */; };
		13D6FC31210B77CF00B7FFD0 /* RRTFeedEditViewController.m in Sources */ = {isa = PBXBuildFile; fileRef = 13D6FC30210B77CF00B7FFD0 /* RRTFeedEditViewController.m */; };
		13D6FC34210B783300B7FFD0 /* RRTSelectArticleTableViewController.m in Sources */ = {isa = PBXBuildFile; fileRef = 13D6FC33210B783300B7FFD0 /* RRTSelectArticleTableViewController.m */; };
		13D6FC37210B78C700B7FFD0 /* RRTArticleViewController.m in Sources */ = {isa = PBXBuildFile; fileRef = 13D6FC36210B78C700B7FFD0 /* RRTArticleViewController.m */; };
		13D6FC3A210B78FD00B7FFD0 /* RRTLoadingViewController.m in Sources */ = {isa = PBXBuildFile; fileRef = 13D6FC39210B78FD00B7FFD0 /* RRTLoadingViewController.m */; };
		13D6FC3D210B861B00B7FFD0 /* RRTCommonButton.m in Sources */ = {isa = PBXBuildFile; fileRef = 13D6FC3C210B861B00B7FFD0 /* RRTCommonButton.m */; };
		13D6FC40210C8C0200B7FFD0 /* RRTAlertViewControllerManager.m in Sources */ = {isa = PBXBuildFile; fileRef = 13D6FC3F210C8C0200B7FFD0 /* RRTAlertViewControllerManager.m */; };
/* End PBXBuildFile section */

/* Begin PBXFileReference section */
		0340163B4701C6FE29F408C3 /* Pods-RSSTestReader.release.xcconfig */ = {isa = PBXFileReference; includeInIndex = 1; lastKnownFileType = text.xcconfig; name = "Pods-RSSTestReader.release.xcconfig"; path = "Pods/Target Support Files/Pods-RSSTestReader/Pods-RSSTestReader.release.xcconfig"; sourceTree = "<group>"; };
		1380F17B210C96BC00F9A572 /* RSSFeedEntity+CoreDataClass.h */ = {isa = PBXFileReference; lastKnownFileType = sourcecode.c.h; path = "RSSFeedEntity+CoreDataClass.h"; sourceTree = "<group>"; };
		1380F17C210C96BC00F9A572 /* RSSFeedEntity+CoreDataClass.m */ = {isa = PBXFileReference; lastKnownFileType = sourcecode.c.objc; path = "RSSFeedEntity+CoreDataClass.m"; sourceTree = "<group>"; };
		1380F17D210C96BC00F9A572 /* RSSFeedEntity+CoreDataProperties.h */ = {isa = PBXFileReference; lastKnownFileType = sourcecode.c.h; path = "RSSFeedEntity+CoreDataProperties.h"; sourceTree = "<group>"; };
		1380F17E210C96BC00F9A572 /* RSSFeedEntity+CoreDataProperties.m */ = {isa = PBXFileReference; lastKnownFileType = sourcecode.c.objc; path = "RSSFeedEntity+CoreDataProperties.m"; sourceTree = "<group>"; };
		1380F181210CA60C00F9A572 /* RRTNetworkController.h */ = {isa = PBXFileReference; lastKnownFileType = sourcecode.c.h; path = RRTNetworkController.h; sourceTree = "<group>"; };
		1380F182210CA60C00F9A572 /* RRTNetworkController.m */ = {isa = PBXFileReference; lastKnownFileType = sourcecode.c.objc; path = RRTNetworkController.m; sourceTree = "<group>"; };
		1380F184210CA65B00F9A572 /* RRTNetworkRequestEntity.h */ = {isa = PBXFileReference; lastKnownFileType = sourcecode.c.h; path = RRTNetworkRequestEntity.h; sourceTree = "<group>"; };
		1380F185210CA65B00F9A572 /* RRTNetworkRequestEntity.m */ = {isa = PBXFileReference; lastKnownFileType = sourcecode.c.objc; path = RRTNetworkRequestEntity.m; sourceTree = "<group>"; };
		1380F187210CA6DA00F9A572 /* RRTNetworkResponseEntity.h */ = {isa = PBXFileReference; lastKnownFileType = sourcecode.c.h; path = RRTNetworkResponseEntity.h; sourceTree = "<group>"; };
		1380F188210CA6DA00F9A572 /* RRTNetworkResponseEntity.m */ = {isa = PBXFileReference; lastKnownFileType = sourcecode.c.objc; path = RRTNetworkResponseEntity.m; sourceTree = "<group>"; };
		1380F18A210CA98400F9A572 /* RRTNetworkErrorEntity.h */ = {isa = PBXFileReference; lastKnownFileType = sourcecode.c.h; path = RRTNetworkErrorEntity.h; sourceTree = "<group>"; };
		1380F18B210CA98400F9A572 /* RRTNetworkErrorEntity.m */ = {isa = PBXFileReference; lastKnownFileType = sourcecode.c.objc; path = RRTNetworkErrorEntity.m; sourceTree = "<group>"; };
		1380F18D210CB13800F9A572 /* RRTNetworkRSSRequestEntity.h */ = {isa = PBXFileReference; lastKnownFileType = sourcecode.c.h; path = RRTNetworkRSSRequestEntity.h; sourceTree = "<group>"; };
		1380F18E210CB13800F9A572 /* RRTNetworkRSSRequestEntity.m */ = {isa = PBXFileReference; lastKnownFileType = sourcecode.c.objc; path = RRTNetworkRSSRequestEntity.m; sourceTree = "<group>"; };
		1380F192210CBD2D00F9A572 /* XMLReader.h */ = {isa = PBXFileReference; fileEncoding = 4; lastKnownFileType = sourcecode.c.h; path = XMLReader.h; sourceTree = "<group>"; };
		1380F193210CBD2D00F9A572 /* XMLReader.m */ = {isa = PBXFileReference; fileEncoding = 4; lastKnownFileType = sourcecode.c.objc; path = XMLReader.m; sourceTree = "<group>"; };
		1380F195210F24EA00F9A572 /* RRTFaviconRequestEntity.h */ = {isa = PBXFileReference; lastKnownFileType = sourcecode.c.h; path = RRTFaviconRequestEntity.h; sourceTree = "<group>"; };
		1380F196210F24EA00F9A572 /* RRTFaviconRequestEntity.m */ = {isa = PBXFileReference; lastKnownFileType = sourcecode.c.objc; path = RRTFaviconRequestEntity.m; sourceTree = "<group>"; };
		1380F1982110A9D500F9A572 /* RRTFeedArticleTableViewCell.h */ = {isa = PBXFileReference; lastKnownFileType = sourcecode.c.h; path = RRTFeedArticleTableViewCell.h; sourceTree = "<group>"; };
		1380F1992110A9D500F9A572 /* RRTFeedArticleTableViewCell.m */ = {isa = PBXFileReference; lastKnownFileType = sourcecode.c.objc; path = RRTFeedArticleTableViewCell.m; sourceTree = "<group>"; };
		1380F19A2110A9D500F9A572 /* RRTFeedArticleTableViewCell.xib */ = {isa = PBXFileReference; lastKnownFileType = file.xib; path = RRTFeedArticleTableViewCell.xib; sourceTree = "<group>"; };
		1380F19D2110AC4D00F9A572 /* RRTRSSArticleRequestEntity.h */ = {isa = PBXFileReference; lastKnownFileType = sourcecode.c.h; path = RRTRSSArticleRequestEntity.h; sourceTree = "<group>"; };
		1380F19E2110AC4D00F9A572 /* RRTRSSArticleRequestEntity.m */ = {isa = PBXFileReference; lastKnownFileType = sourcecode.c.objc; path = RRTRSSArticleRequestEntity.m; sourceTree = "<group>"; };
		1380F1A02110AEC100F9A572 /* RRTRSSAirticleEntity.h */ = {isa = PBXFileReference; lastKnownFileType = sourcecode.c.h; path = RRTRSSAirticleEntity.h; sourceTree = "<group>"; };
		1380F1A12110AEC100F9A572 /* RRTRSSAirticleEntity.m */ = {isa = PBXFileReference; lastKnownFileType = sourcecode.c.objc; path = RRTRSSAirticleEntity.m; sourceTree = "<group>"; };
		1380F1A32110D3B700F9A572 /* RRTRSSUtils.h */ = {isa = PBXFileReference; lastKnownFileType = sourcecode.c.h; path = RRTRSSUtils.h; sourceTree = "<group>"; };
		1380F1A42110D3B700F9A572 /* RRTRSSUtils.m */ = {isa = PBXFileReference; lastKnownFileType = sourcecode.c.objc; path = RRTRSSUtils.m; sourceTree = "<group>"; };
		1380F1A721134C6500F9A572 /* Acknowledgement.html */ = {isa = PBXFileReference; lastKnownFileType = text.html; path = Acknowledgement.html; sourceTree = "<group>"; };
		1380F1A921134EC900F9A572 /* RRTSettingTableViewController.h */ = {isa = PBXFileReference; lastKnownFileType = sourcecode.c.h; path = RRTSettingTableViewController.h; sourceTree = "<group>"; };
		1380F1AA21134EC900F9A572 /* RRTSettingTableViewController.m */ = {isa = PBXFileReference; lastKnownFileType = sourcecode.c.objc; path = RRTSettingTableViewController.m; sourceTree = "<group>"; };
		1380F1AC21134EE300F9A572 /* RRTAcknowledgementViewController.h */ = {isa = PBXFileReference; lastKnownFileType = sourcecode.c.h; path = RRTAcknowledgementViewController.h; sourceTree = "<group>"; };
		1380F1AD21134EE300F9A572 /* RRTAcknowledgementViewController.m */ = {isa = PBXFileReference; lastKnownFileType = sourcecode.c.objc; path = RRTAcknowledgementViewController.m; sourceTree = "<group>"; };
		1380F1AF2113606200F9A572 /* Preset.json */ = {isa = PBXFileReference; fileEncoding = 4; lastKnownFileType = text.json; path = Preset.json; sourceTree = "<group>"; };
		13D6FBFD210B713C00B7FFD0 /* RSSTestReader.app */ = {isa = PBXFileReference; explicitFileType = wrapper.application; includeInIndex = 0; path = RSSTestReader.app; sourceTree = BUILT_PRODUCTS_DIR; };
		13D6FC07210B713C00B7FFD0 /* Base */ = {isa = PBXFileReference; lastKnownFileType = file.storyboard; name = Base; path = Base.lproj/Main.storyboard; sourceTree = "<group>"; };
		13D6FC0A210B713C00B7FFD0 /* RSSTestReader.xcdatamodel */ = {isa = PBXFileReference; lastKnownFileType = wrapper.xcdatamodel; path = RSSTestReader.xcdatamodel; sourceTree = "<group>"; };
		13D6FC0C210B714000B7FFD0 /* Assets.xcassets */ = {isa = PBXFileReference; lastKnownFileType = folder.assetcatalog; path = Assets.xcassets; sourceTree = "<group>"; };
		13D6FC0F210B714000B7FFD0 /* Base */ = {isa = PBXFileReference; lastKnownFileType = file.storyboard; name = Base; path = Base.lproj/LaunchScreen.storyboard; sourceTree = "<group>"; };
		13D6FC11210B714000B7FFD0 /* Info.plist */ = {isa = PBXFileReference; lastKnownFileType = text.plist.xml; path = Info.plist; sourceTree = "<group>"; };
		13D6FC12210B714000B7FFD0 /* main.m */ = {isa = PBXFileReference; lastKnownFileType = sourcecode.c.objc; path = main.m; sourceTree = "<group>"; };
		13D6FC1A210B74A200B7FFD0 /* RRTAppDelegate.h */ = {isa = PBXFileReference; fileEncoding = 4; lastKnownFileType = sourcecode.c.h; name = RRTAppDelegate.h; path = src/RRTAppDelegate.h; sourceTree = "<group>"; };
		13D6FC1D210B74A200B7FFD0 /* RRTFeedListViewController.h */ = {isa = PBXFileReference; fileEncoding = 4; lastKnownFileType = sourcecode.c.h; path = RRTFeedListViewController.h; sourceTree = "<group>"; };
		13D6FC1E210B74A200B7FFD0 /* RRTFeedListViewController.m */ = {isa = PBXFileReference; fileEncoding = 4; lastKnownFileType = sourcecode.c.objc; path = RRTFeedListViewController.m; sourceTree = "<group>"; };
		13D6FC1F210B74A200B7FFD0 /* RRTAppDelegate.m */ = {isa = PBXFileReference; fileEncoding = 4; lastKnownFileType = sourcecode.c.objc; name = RRTAppDelegate.m; path = src/RRTAppDelegate.m; sourceTree = "<group>"; };
		13D6FC25210B74E800B7FFD0 /* Config.xcconfig */ = {isa = PBXFileReference; lastKnownFileType = text.xcconfig; path = Config.xcconfig; sourceTree = "<group>"; };
		13D6FC27210B754600B7FFD0 /* RRTRSSFeedCellTableViewCell.h */ = {isa = PBXFileReference; lastKnownFileType = sourcecode.c.h; path = RRTRSSFeedCellTableViewCell.h; sourceTree = "<group>"; };
		13D6FC28210B754600B7FFD0 /* RRTRSSFeedCellTableViewCell.m */ = {isa = PBXFileReference; lastKnownFileType = sourcecode.c.objc; path = RRTRSSFeedCellTableViewCell.m; sourceTree = "<group>"; };
		13D6FC29210B754600B7FFD0 /* RRTRSSFeedCellTableViewCell.xib */ = {isa = PBXFileReference; lastKnownFileType = file.xib; path = RRTRSSFeedCellTableViewCell.xib; sourceTree = "<group>"; };
		13D6FC2F210B77CF00B7FFD0 /* RRTFeedEditViewController.h */ = {isa = PBXFileReference; lastKnownFileType = sourcecode.c.h; path = RRTFeedEditViewController.h; sourceTree = "<group>"; };
		13D6FC30210B77CF00B7FFD0 /* RRTFeedEditViewController.m */ = {isa = PBXFileReference; lastKnownFileType = sourcecode.c.objc; path = RRTFeedEditViewController.m; sourceTree = "<group>"; };
		13D6FC32210B783300B7FFD0 /* RRTSelectArticleTableViewController.h */ = {isa = PBXFileReference; lastKnownFileType = sourcecode.c.h; path = RRTSelectArticleTableViewController.h; sourceTree = "<group>"; };
		13D6FC33210B783300B7FFD0 /* RRTSelectArticleTableViewController.m */ = {isa = PBXFileReference; lastKnownFileType = sourcecode.c.objc; path = RRTSelectArticleTableViewController.m; sourceTree = "<group>"; };
		13D6FC35210B78C700B7FFD0 /* RRTArticleViewController.h */ = {isa = PBXFileReference; lastKnownFileType = sourcecode.c.h; path = RRTArticleViewController.h; sourceTree = "<group>"; };
		13D6FC36210B78C700B7FFD0 /* RRTArticleViewController.m */ = {isa = PBXFileReference; lastKnownFileType = sourcecode.c.objc; path = RRTArticleViewController.m; sourceTree = "<group>"; };
		13D6FC38210B78FD00B7FFD0 /* RRTLoadingViewController.h */ = {isa = PBXFileReference; lastKnownFileType = sourcecode.c.h; path = RRTLoadingViewController.h; sourceTree = "<group>"; };
		13D6FC39210B78FD00B7FFD0 /* RRTLoadingViewController.m */ = {isa = PBXFileReference; lastKnownFileType = sourcecode.c.objc; path = RRTLoadingViewController.m; sourceTree = "<group>"; };
		13D6FC3B210B861B00B7FFD0 /* RRTCommonButton.h */ = {isa = PBXFileReference; lastKnownFileType = sourcecode.c.h; path = RRTCommonButton.h; sourceTree = "<group>"; };
		13D6FC3C210B861B00B7FFD0 /* RRTCommonButton.m */ = {isa = PBXFileReference; lastKnownFileType = sourcecode.c.objc; path = RRTCommonButton.m; sourceTree = "<group>"; };
		13D6FC3E210C8C0200B7FFD0 /* RRTAlertViewControllerManager.h */ = {isa = PBXFileReference; lastKnownFileType = sourcecode.c.h; path = RRTAlertViewControllerManager.h; sourceTree = "<group>"; };
		13D6FC3F210C8C0200B7FFD0 /* RRTAlertViewControllerManager.m */ = {isa = PBXFileReference; lastKnownFileType = sourcecode.c.objc; path = RRTAlertViewControllerManager.m; sourceTree = "<group>"; };
		13D6FC41210C8F8100B7FFD0 /* PrefixHeader.pch */ = {isa = PBXFileReference; lastKnownFileType = sourcecode.c.h; path = PrefixHeader.pch; sourceTree = "<group>"; };
		7326B3890B99EBF5FE285192 /* libPods-RSSTestReader.a */ = {isa = PBXFileReference; explicitFileType = archive.ar; includeInIndex = 0; path = "libPods-RSSTestReader.a"; sourceTree = BUILT_PRODUCTS_DIR; };
		EB0ED18C95944B07776FC96D /* Pods-RSSTestReader.debug.xcconfig */ = {isa = PBXFileReference; includeInIndex = 1; lastKnownFileType = text.xcconfig; name = "Pods-RSSTestReader.debug.xcconfig"; path = "Pods/Target Support Files/Pods-RSSTestReader/Pods-RSSTestReader.debug.xcconfig"; sourceTree = "<group>"; };
/* End PBXFileReference section */

/* Begin PBXFrameworksBuildPhase section */
		13D6FBFA210B713C00B7FFD0 /* Frameworks */ = {
			isa = PBXFrameworksBuildPhase;
			buildActionMask = 2147483647;
			files = (
				0674B65A6717B47C62988A61 /* libPods-RSSTestReader.a in Frameworks */,
			);
			runOnlyForDeploymentPostprocessing = 0;
		};
/* End PBXFrameworksBuildPhase section */

/* Begin PBXGroup section */
		1380F190210CBD2D00F9A572 /* lib */ = {
			isa = PBXGroup;
			children = (
				1380F191210CBD2D00F9A572 /* XMLReader */,
			);
			path = lib;
			sourceTree = "<group>";
		};
		1380F191210CBD2D00F9A572 /* XMLReader */ = {
			isa = PBXGroup;
			children = (
				1380F192210CBD2D00F9A572 /* XMLReader.h */,
				1380F193210CBD2D00F9A572 /* XMLReader.m */,
			);
			path = XMLReader;
			sourceTree = "<group>";
		};
		1380F1A621134C4200F9A572 /* Support */ = {
			isa = PBXGroup;
			children = (
				1380F1AF2113606200F9A572 /* Preset.json */,
				1380F1A721134C6500F9A572 /* Acknowledgement.html */,
			);
			path = Support;
			sourceTree = "<group>";
		};
		13D6FBF4210B713C00B7FFD0 = {
			isa = PBXGroup;
			children = (
				13D6FBFF210B713C00B7FFD0 /* RSSTestReader */,
				13D6FBFE210B713C00B7FFD0 /* Products */,
				4F998775D37E128F27B725FD /* Pods */,
				85B1CFCB2C7D4713586C6C73 /* Frameworks */,
			);
			sourceTree = "<group>";
		};
		13D6FBFE210B713C00B7FFD0 /* Products */ = {
			isa = PBXGroup;
			children = (
				13D6FBFD210B713C00B7FFD0 /* RSSTestReader.app */,
			);
			name = Products;
			sourceTree = "<group>";
		};
		13D6FBFF210B713C00B7FFD0 /* RSSTestReader */ = {
			isa = PBXGroup;
			children = (
				1380F1A621134C4200F9A572 /* Support */,
				1380F190210CBD2D00F9A572 /* lib */,
				13D6FC1A210B74A200B7FFD0 /* RRTAppDelegate.h */,
				13D6FC1F210B74A200B7FFD0 /* RRTAppDelegate.m */,
				13D6FC19210B74A200B7FFD0 /* Model */,
				13D6FC20210B74A200B7FFD0 /* Util */,
				13D6FC1B210B74A200B7FFD0 /* View */,
				13D6FC1C210B74A200B7FFD0 /* ViewController */,
				13D6FC06210B713C00B7FFD0 /* Main.storyboard */,
				13D6FC0C210B714000B7FFD0 /* Assets.xcassets */,
				13D6FC0E210B714000B7FFD0 /* LaunchScreen.storyboard */,
				13D6FC11210B714000B7FFD0 /* Info.plist */,
				13D6FC12210B714000B7FFD0 /* main.m */,
				13D6FC09210B713C00B7FFD0 /* RSSTestReader.xcdatamodeld */,
				13D6FC25210B74E800B7FFD0 /* Config.xcconfig */,
			);
			path = RSSTestReader;
			sourceTree = "<group>";
		};
		13D6FC19210B74A200B7FFD0 /* Model */ = {
			isa = PBXGroup;
			children = (
				1380F17B210C96BC00F9A572 /* RSSFeedEntity+CoreDataClass.h */,
				1380F17C210C96BC00F9A572 /* RSSFeedEntity+CoreDataClass.m */,
				1380F17D210C96BC00F9A572 /* RSSFeedEntity+CoreDataProperties.h */,
				1380F17E210C96BC00F9A572 /* RSSFeedEntity+CoreDataProperties.m */,
				1380F184210CA65B00F9A572 /* RRTNetworkRequestEntity.h */,
				1380F185210CA65B00F9A572 /* RRTNetworkRequestEntity.m */,
				1380F187210CA6DA00F9A572 /* RRTNetworkResponseEntity.h */,
				1380F188210CA6DA00F9A572 /* RRTNetworkResponseEntity.m */,
				1380F18A210CA98400F9A572 /* RRTNetworkErrorEntity.h */,
				1380F18B210CA98400F9A572 /* RRTNetworkErrorEntity.m */,
				1380F18D210CB13800F9A572 /* RRTNetworkRSSRequestEntity.h */,
				1380F18E210CB13800F9A572 /* RRTNetworkRSSRequestEntity.m */,
				1380F195210F24EA00F9A572 /* RRTFaviconRequestEntity.h */,
				1380F196210F24EA00F9A572 /* RRTFaviconRequestEntity.m */,
				1380F19D2110AC4D00F9A572 /* RRTRSSArticleRequestEntity.h */,
				1380F19E2110AC4D00F9A572 /* RRTRSSArticleRequestEntity.m */,
				1380F1A02110AEC100F9A572 /* RRTRSSAirticleEntity.h */,
				1380F1A12110AEC100F9A572 /* RRTRSSAirticleEntity.m */,
			);
			name = Model;
			path = src/Model;
			sourceTree = "<group>";
		};
		13D6FC1B210B74A200B7FFD0 /* View */ = {
			isa = PBXGroup;
			children = (
				13D6FC27210B754600B7FFD0 /* RRTRSSFeedCellTableViewCell.h */,
				13D6FC28210B754600B7FFD0 /* RRTRSSFeedCellTableViewCell.m */,
				13D6FC29210B754600B7FFD0 /* RRTRSSFeedCellTableViewCell.xib */,
				13D6FC3B210B861B00B7FFD0 /* RRTCommonButton.h */,
				13D6FC3C210B861B00B7FFD0 /* RRTCommonButton.m */,
				1380F1982110A9D500F9A572 /* RRTFeedArticleTableViewCell.h */,
				1380F1992110A9D500F9A572 /* RRTFeedArticleTableViewCell.m */,
				1380F19A2110A9D500F9A572 /* RRTFeedArticleTableViewCell.xib */,
			);
			name = View;
			path = src/View;
			sourceTree = "<group>";
		};
		13D6FC1C210B74A200B7FFD0 /* ViewController */ = {
			isa = PBXGroup;
			children = (
				13D6FC1D210B74A200B7FFD0 /* RRTFeedListViewController.h */,
				13D6FC1E210B74A200B7FFD0 /* RRTFeedListViewController.m */,
				13D6FC2F210B77CF00B7FFD0 /* RRTFeedEditViewController.h */,
				13D6FC30210B77CF00B7FFD0 /* RRTFeedEditViewController.m */,
				13D6FC32210B783300B7FFD0 /* RRTSelectArticleTableViewController.h */,
				13D6FC33210B783300B7FFD0 /* RRTSelectArticleTableViewController.m */,
				13D6FC35210B78C700B7FFD0 /* RRTArticleViewController.h */,
				13D6FC36210B78C700B7FFD0 /* RRTArticleViewController.m */,
				13D6FC38210B78FD00B7FFD0 /* RRTLoadingViewController.h */,
				13D6FC39210B78FD00B7FFD0 /* RRTLoadingViewController.m */,
				1380F1A921134EC900F9A572 /* RRTSettingTableViewController.h */,
				1380F1AA21134EC900F9A572 /* RRTSettingTableViewController.m */,
				1380F1AC21134EE300F9A572 /* RRTAcknowledgementViewController.h */,
				1380F1AD21134EE300F9A572 /* RRTAcknowledgementViewController.m */,
			);
			name = ViewController;
			path = src/ViewController;
			sourceTree = "<group>";
		};
		13D6FC20210B74A200B7FFD0 /* Util */ = {
			isa = PBXGroup;
			children = (
				13D6FC41210C8F8100B7FFD0 /* PrefixHeader.pch */,
				13D6FC3E210C8C0200B7FFD0 /* RRTAlertViewControllerManager.h */,
				13D6FC3F210C8C0200B7FFD0 /* RRTAlertViewControllerManager.m */,
				1380F181210CA60C00F9A572 /* RRTNetworkController.h */,
				1380F182210CA60C00F9A572 /* RRTNetworkController.m */,
				1380F1A32110D3B700F9A572 /* RRTRSSUtils.h */,
				1380F1A42110D3B700F9A572 /* RRTRSSUtils.m */,
			);
			name = Util;
			path = src/Util;
			sourceTree = "<group>";
		};
		4F998775D37E128F27B725FD /* Pods */ = {
			isa = PBXGroup;
			children = (
				EB0ED18C95944B07776FC96D /* Pods-RSSTestReader.debug.xcconfig */,
				0340163B4701C6FE29F408C3 /* Pods-RSSTestReader.release.xcconfig */,
			);
			name = Pods;
			sourceTree = "<group>";
		};
		85B1CFCB2C7D4713586C6C73 /* Frameworks */ = {
			isa = PBXGroup;
			children = (
				7326B3890B99EBF5FE285192 /* libPods-RSSTestReader.a */,
			);
			name = Frameworks;
			sourceTree = "<group>";
		};
/* End PBXGroup section */

/* Begin PBXNativeTarget section */
		13D6FBFC210B713C00B7FFD0 /* RSSTestReader */ = {
			isa = PBXNativeTarget;
			buildConfigurationList = 13D6FC16210B714000B7FFD0 /* Build configuration list for PBXNativeTarget "RSSTestReader" */;
			buildPhases = (
				F999637B51B52677B1C69ECF /* [CP] Check Pods Manifest.lock */,
				13D6FBF9210B713C00B7FFD0 /* Sources */,
				13D6FBFA210B713C00B7FFD0 /* Frameworks */,
				13D6FBFB210B713C00B7FFD0 /* Resources */,
			);
			buildRules = (
			);
			dependencies = (
			);
			name = RSSTestReader;
			productName = RSSTestReader;
			productReference = 13D6FBFD210B713C00B7FFD0 /* RSSTestReader.app */;
			productType = "com.apple.product-type.application";
		};
/* End PBXNativeTarget section */

/* Begin PBXProject section */
		13D6FBF5210B713C00B7FFD0 /* Project object */ = {
			isa = PBXProject;
			attributes = {
				CLASSPREFIX = RRT;
				LastUpgradeCheck = 0940;
				ORGANIZATIONNAME = Yuto;
				TargetAttributes = {
					13D6FBFC210B713C00B7FFD0 = {
						CreatedOnToolsVersion = 9.4.1;
					};
				};
			};
			buildConfigurationList = 13D6FBF8210B713C00B7FFD0 /* Build configuration list for PBXProject "RSSTestReader" */;
			compatibilityVersion = "Xcode 9.3";
			developmentRegion = en;
			hasScannedForEncodings = 0;
			knownRegions = (
				en,
				Base,
			);
			mainGroup = 13D6FBF4210B713C00B7FFD0;
			productRefGroup = 13D6FBFE210B713C00B7FFD0 /* Products */;
			projectDirPath = "";
			projectRoot = "";
			targets = (
				13D6FBFC210B713C00B7FFD0 /* RSSTestReader */,
			);
		};
/* End PBXProject section */

/* Begin PBXResourcesBuildPhase section */
		13D6FBFB210B713C00B7FFD0 /* Resources */ = {
			isa = PBXResourcesBuildPhase;
			buildActionMask = 2147483647;
			files = (
				1380F1A821134C6500F9A572 /* Acknowledgement.html in Resources */,
				13D6FC2B210B754600B7FFD0 /* RRTRSSFeedCellTableViewCell.xib in Resources */,
				13D6FC26210B74E800B7FFD0 /* Config.xcconfig in Resources */,
				13D6FC10210B714000B7FFD0 /* LaunchScreen.storyboard in Resources */,
				13D6FC0D210B714000B7FFD0 /* Assets.xcassets in Resources */,
				13D6FC08210B713C00B7FFD0 /* Main.storyboard in Resources */,
				1380F1B02113606300F9A572 /* Preset.json in Resources */,
				1380F19C2110A9D500F9A572 /* RRTFeedArticleTableViewCell.xib in Resources */,
			);
			runOnlyForDeploymentPostprocessing = 0;
		};
/* End PBXResourcesBuildPhase section */

/* Begin PBXShellScriptBuildPhase section */
		F999637B51B52677B1C69ECF /* [CP] Check Pods Manifest.lock */ = {
			isa = PBXShellScriptBuildPhase;
			buildActionMask = 2147483647;
			files = (
			);
			inputPaths = (
				"${PODS_PODFILE_DIR_PATH}/Podfile.lock",
				"${PODS_ROOT}/Manifest.lock",
			);
			name = "[CP] Check Pods Manifest.lock";
			outputPaths = (
				"$(DERIVED_FILE_DIR)/Pods-RSSTestReader-checkManifestLockResult.txt",
			);
			runOnlyForDeploymentPostprocessing = 0;
			shellPath = /bin/sh;
			shellScript = "diff \"${PODS_PODFILE_DIR_PATH}/Podfile.lock\" \"${PODS_ROOT}/Manifest.lock\" > /dev/null\nif [ $? != 0 ] ; then\n    # print error to STDERR\n    echo \"error: The sandbox is not in sync with the Podfile.lock. Run 'pod install' or update your CocoaPods installation.\" >&2\n    exit 1\nfi\n# This output is used by Xcode 'outputs' to avoid re-running this script phase.\necho \"SUCCESS\" > \"${SCRIPT_OUTPUT_FILE_0}\"\n";
			showEnvVarsInLog = 0;
		};
/* End PBXShellScriptBuildPhase section */

/* Begin PBXSourcesBuildPhase section */
		13D6FBF9210B713C00B7FFD0 /* Sources */ = {
			isa = PBXSourcesBuildPhase;
			buildActionMask = 2147483647;
			files = (
				13D6FC3A210B78FD00B7FFD0 /* RRTLoadingViewController.m in Sources */,
				1380F194210CBD2D00F9A572 /* XMLReader.m in Sources */,
				13D6FC22210B74A200B7FFD0 /* RRTAppDelegate.m in Sources */,
				13D6FC3D210B861B00B7FFD0 /* RRTCommonButton.m in Sources */,
				1380F189210CA6DA00F9A572 /* RRTNetworkResponseEntity.m in Sources */,
				13D6FC40210C8C0200B7FFD0 /* RRTAlertViewControllerManager.m in Sources */,
				13D6FC31210B77CF00B7FFD0 /* RRTFeedEditViewController.m in Sources */,
				1380F17F210C96BC00F9A572 /* RSSFeedEntity+CoreDataClass.m in Sources */,
				13D6FC34210B783300B7FFD0 /* RRTSelectArticleTableViewController.m in Sources */,
				13D6FC21210B74A200B7FFD0 /* RRTFeedListViewController.m in Sources */,
				13D6FC13210B714000B7FFD0 /* main.m in Sources */,
				1380F197210F24EA00F9A572 /* RRTFaviconRequestEntity.m in Sources */,
				1380F19B2110A9D500F9A572 /* RRTFeedArticleTableViewCell.m in Sources */,
				1380F180210C96BC00F9A572 /* RSSFeedEntity+CoreDataProperties.m in Sources */,
				1380F18F210CB13800F9A572 /* RRTNetworkRSSRequestEntity.m in Sources */,
				1380F19F2110AC4D00F9A572 /* RRTRSSArticleRequestEntity.m in Sources */,
				1380F1A22110AEC100F9A572 /* RRTRSSAirticleEntity.m in Sources */,
				1380F1A52110D3B700F9A572 /* RRTRSSUtils.m in Sources */,
				1380F18C210CA98400F9A572 /* RRTNetworkErrorEntity.m in Sources */,
				13D6FC37210B78C700B7FFD0 /* RRTArticleViewController.m in Sources */,
				1380F183210CA60C00F9A572 /* RRTNetworkController.m in Sources */,
				1380F186210CA65B00F9A572 /* RRTNetworkRequestEntity.m in Sources */,
				13D6FC2A210B754600B7FFD0 /* RRTRSSFeedCellTableViewCell.m in Sources */,
				13D6FC0B210B713C00B7FFD0 /* RSSTestReader.xcdatamodeld in Sources */,
				1380F1AE21134EE300F9A572 /* RRTAcknowledgementViewController.m in Sources */,
				1380F1AB21134EC900F9A572 /* RRTSettingTableViewController.m in Sources */,
			);
			runOnlyForDeploymentPostprocessing = 0;
		};
/* End PBXSourcesBuildPhase section */

/* Begin PBXVariantGroup section */
		13D6FC06210B713C00B7FFD0 /* Main.storyboard */ = {
			isa = PBXVariantGroup;
			children = (
				13D6FC07210B713C00B7FFD0 /* Base */,
			);
			name = Main.storyboard;
			sourceTree = "<group>";
		};
		13D6FC0E210B714000B7FFD0 /* LaunchScreen.storyboard */ = {
			isa = PBXVariantGroup;
			children = (
				13D6FC0F210B714000B7FFD0 /* Base */,
			);
			name = LaunchScreen.storyboard;
			sourceTree = "<group>";
		};
/* End PBXVariantGroup section */

/* Begin XCBuildConfiguration section */
		13D6FC14210B714000B7FFD0 /* Debug */ = {
			isa = XCBuildConfiguration;
			baseConfigurationReference = 13D6FC25210B74E800B7FFD0 /* Config.xcconfig */;
			buildSettings = {
				ALWAYS_SEARCH_USER_PATHS = NO;
				CLANG_ANALYZER_NONNULL = YES;
				CLANG_ANALYZER_NUMBER_OBJECT_CONVERSION = YES_AGGRESSIVE;
				CLANG_CXX_LANGUAGE_STANDARD = "gnu++14";
				CLANG_CXX_LIBRARY = "libc++";
				CLANG_ENABLE_MODULES = YES;
				CLANG_ENABLE_OBJC_ARC = YES;
				CLANG_ENABLE_OBJC_WEAK = YES;
				CLANG_WARN_BLOCK_CAPTURE_AUTORELEASING = YES;
				CLANG_WARN_BOOL_CONVERSION = YES;
				CLANG_WARN_COMMA = YES;
				CLANG_WARN_CONSTANT_CONVERSION = YES;
				CLANG_WARN_DEPRECATED_OBJC_IMPLEMENTATIONS = YES;
				CLANG_WARN_DIRECT_OBJC_ISA_USAGE = YES_ERROR;
				CLANG_WARN_DOCUMENTATION_COMMENTS = YES;
				CLANG_WARN_EMPTY_BODY = YES;
				CLANG_WARN_ENUM_CONVERSION = YES;
				CLANG_WARN_INFINITE_RECURSION = YES;
				CLANG_WARN_INT_CONVERSION = YES;
				CLANG_WARN_NON_LITERAL_NULL_CONVERSION = YES;
				CLANG_WARN_OBJC_IMPLICIT_RETAIN_SELF = YES;
				CLANG_WARN_OBJC_LITERAL_CONVERSION = YES;
				CLANG_WARN_OBJC_ROOT_CLASS = YES_ERROR;
				CLANG_WARN_RANGE_LOOP_ANALYSIS = YES;
				CLANG_WARN_STRICT_PROTOTYPES = YES;
				CLANG_WARN_SUSPICIOUS_MOVE = YES;
				CLANG_WARN_UNGUARDED_AVAILABILITY = YES_AGGRESSIVE;
				CLANG_WARN_UNREACHABLE_CODE = YES;
				CLANG_WARN__DUPLICATE_METHOD_MATCH = YES;
				CODE_SIGN_IDENTITY = "iPhone Developer";
				COPY_PHASE_STRIP = NO;
				DEBUG_INFORMATION_FORMAT = dwarf;
				ENABLE_STRICT_OBJC_MSGSEND = YES;
				ENABLE_TESTABILITY = YES;
				GCC_C_LANGUAGE_STANDARD = gnu11;
				GCC_DYNAMIC_NO_PIC = NO;
				GCC_NO_COMMON_BLOCKS = YES;
				GCC_OPTIMIZATION_LEVEL = 0;
				GCC_PREFIX_HEADER = RSSTestReader/src/Util/PrefixHeader.pch;
				GCC_PREPROCESSOR_DEFINITIONS = (
					"DEBUG=1",
					"$(inherited)",
				);
				GCC_WARN_64_TO_32_BIT_CONVERSION = YES;
				GCC_WARN_ABOUT_RETURN_TYPE = YES_ERROR;
				GCC_WARN_UNDECLARED_SELECTOR = YES;
				GCC_WARN_UNINITIALIZED_AUTOS = YES_AGGRESSIVE;
				GCC_WARN_UNUSED_FUNCTION = YES;
				GCC_WARN_UNUSED_VARIABLE = YES;
				IPHONEOS_DEPLOYMENT_TARGET = 10.0;
				MTL_ENABLE_DEBUG_INFO = YES;
				ONLY_ACTIVE_ARCH = YES;
				SDKROOT = iphoneos;
			};
			name = Debug;
		};
		13D6FC15210B714000B7FFD0 /* Release */ = {
			isa = XCBuildConfiguration;
			baseConfigurationReference = 13D6FC25210B74E800B7FFD0 /* Config.xcconfig */;
			buildSettings = {
				ALWAYS_SEARCH_USER_PATHS = NO;
				CLANG_ANALYZER_NONNULL = YES;
				CLANG_ANALYZER_NUMBER_OBJECT_CONVERSION = YES_AGGRESSIVE;
				CLANG_CXX_LANGUAGE_STANDARD = "gnu++14";
				CLANG_CXX_LIBRARY = "libc++";
				CLANG_ENABLE_MODULES = YES;
				CLANG_ENABLE_OBJC_ARC = YES;
				CLANG_ENABLE_OBJC_WEAK = YES;
				CLANG_WARN_BLOCK_CAPTURE_AUTORELEASING = YES;
				CLANG_WARN_BOOL_CONVERSION = YES;
				CLANG_WARN_COMMA = YES;
				CLANG_WARN_CONSTANT_CONVERSION = YES;
				CLANG_WARN_DEPRECATED_OBJC_IMPLEMENTATIONS = YES;
				CLANG_WARN_DIRECT_OBJC_ISA_USAGE = YES_ERROR;
				CLANG_WARN_DOCUMENTATION_COMMENTS = YES;
				CLANG_WARN_EMPTY_BODY = YES;
				CLANG_WARN_ENUM_CONVERSION = YES;
				CLANG_WARN_INFINITE_RECURSION = YES;
				CLANG_WARN_INT_CONVERSION = YES;
				CLANG_WARN_NON_LITERAL_NULL_CONVERSION = YES;
				CLANG_WARN_OBJC_IMPLICIT_RETAIN_SELF = YES;
				CLANG_WARN_OBJC_LITERAL_CONVERSION = YES;
				CLANG_WARN_OBJC_ROOT_CLASS = YES_ERROR;
				CLANG_WARN_RANGE_LOOP_ANALYSIS = YES;
				CLANG_WARN_STRICT_PROTOTYPES = YES;
				CLANG_WARN_SUSPICIOUS_MOVE = YES;
				CLANG_WARN_UNGUARDED_AVAILABILITY = YES_AGGRESSIVE;
				CLANG_WARN_UNREACHABLE_CODE = YES;
				CLANG_WARN__DUPLICATE_METHOD_MATCH = YES;
				CODE_SIGN_IDENTITY = "iPhone Developer";
				COPY_PHASE_STRIP = NO;
				DEBUG_INFORMATION_FORMAT = "dwarf-with-dsym";
				ENABLE_NS_ASSERTIONS = NO;
				ENABLE_STRICT_OBJC_MSGSEND = YES;
				GCC_C_LANGUAGE_STANDARD = gnu11;
				GCC_NO_COMMON_BLOCKS = YES;
				GCC_PREFIX_HEADER = RSSTestReader/src/Util/PrefixHeader.pch;
				GCC_WARN_64_TO_32_BIT_CONVERSION = YES;
				GCC_WARN_ABOUT_RETURN_TYPE = YES_ERROR;
				GCC_WARN_UNDECLARED_SELECTOR = YES;
				GCC_WARN_UNINITIALIZED_AUTOS = YES_AGGRESSIVE;
				GCC_WARN_UNUSED_FUNCTION = YES;
				GCC_WARN_UNUSED_VARIABLE = YES;
				IPHONEOS_DEPLOYMENT_TARGET = 10.0;
				MTL_ENABLE_DEBUG_INFO = NO;
				SDKROOT = iphoneos;
				VALIDATE_PRODUCT = YES;
			};
			name = Release;
		};
		13D6FC17210B714000B7FFD0 /* Debug */ = {
			isa = XCBuildConfiguration;
			baseConfigurationReference = EB0ED18C95944B07776FC96D /* Pods-RSSTestReader.debug.xcconfig */;
			buildSettings = {
				ASSETCATALOG_COMPILER_APPICON_NAME = AppIcon;
				CODE_SIGN_STYLE = Automatic;
				DEVELOPMENT_TEAM = 29S878CK29;
				INFOPLIST_FILE = RSSTestReader/Info.plist;
				LD_RUNPATH_SEARCH_PATHS = (
					"$(inherited)",
					"@executable_path/Frameworks",
				);
				PRODUCT_BUNDLE_IDENTIFIER = jp.co.yuto.RSSTestReader;
				PRODUCT_NAME = "$(TARGET_NAME)";
				TARGETED_DEVICE_FAMILY = "1,2";
			};
			name = Debug;
		};
		13D6FC18210B714000B7FFD0 /* Release */ = {
			isa = XCBuildConfiguration;
			baseConfigurationReference = 0340163B4701C6FE29F408C3 /* Pods-RSSTestReader.release.xcconfig */;
			buildSettings = {
				ASSETCATALOG_COMPILER_APPICON_NAME = AppIcon;
				CODE_SIGN_STYLE = Automatic;
				DEVELOPMENT_TEAM = 29S878CK29;
				INFOPLIST_FILE = RSSTestReader/Info.plist;
				LD_RUNPATH_SEARCH_PATHS = (
					"$(inherited)",
					"@executable_path/Frameworks",
				);
				PRODUCT_BUNDLE_IDENTIFIER = jp.co.yuto.RSSTestReader;
				PRODUCT_NAME = "$(TARGET_NAME)";
				TARGETED_DEVICE_FAMILY = "1,2";
			};
			name = Release;
		};
/* End XCBuildConfiguration section */

/* Begin XCConfigurationList section */
		13D6FBF8210B713C00B7FFD0 /* Build configuration list for PBXProject "RSSTestReader" */ = {
			isa = XCConfigurationList;
			buildConfigurations = (
				13D6FC14210B714000B7FFD0 /* Debug */,
				13D6FC15210B714000B7FFD0 /* Release */,
			);
			defaultConfigurationIsVisible = 0;
			defaultConfigurationName = Release;
		};
		13D6FC16210B714000B7FFD0 /* Build configuration list for PBXNativeTarget "RSSTestReader" */ = {
			isa = XCConfigurationList;
			buildConfigurations = (
				13D6FC17210B714000B7FFD0 /* Debug */,
				13D6FC18210B714000B7FFD0 /* Release */,
			);
			defaultConfigurationIsVisible = 0;
			defaultConfigurationName = Release;
		};
/* End XCConfigurationList section */

/* Begin XCVersionGroup section */
		13D6FC09210B713C00B7FFD0 /* RSSTestReader.xcdatamodeld */ = {
			isa = XCVersionGroup;
			children = (
				13D6FC0A210B713C00B7FFD0 /* RSSTestReader.xcdatamodel */,
			);
			currentVersion = 13D6FC0A210B713C00B7FFD0 /* RSSTestReader.xcdatamodel */;
			path = RSSTestReader.xcdatamodeld;
			sourceTree = "<group>";
			versionGroupType = wrapper.xcdatamodel;
		};
/* End XCVersionGroup section */
	};
	rootObject = 13D6FBF5210B713C00B7FFD0 /* Project object */;
}
